// !$*UTF8*$!
{
	archiveVersion = 1;
	classes = {
	};
	objectVersion = 55;
	objects = {

/* Begin PBXBuildFile section */
		B7B4763229059BF900DCE3C7 /* ResourcePath.mm in Sources */ = {isa = PBXBuildFile; fileRef = B7B4763129059BF900DCE3C7 /* ResourcePath.mm */; };
		B7B4763529059BF900DCE3C7 /* main.cpp in Sources */ = {isa = PBXBuildFile; fileRef = B7B4763429059BF900DCE3C7 /* main.cpp */; };
		B7B4764C29059C7E00DCE3C7 /* SpaceInvaders.cpp in Sources */ = {isa = PBXBuildFile; fileRef = B7B4764429059C7E00DCE3C7 /* SpaceInvaders.cpp */; };
		B7B4764D29059C7E00DCE3C7 /* Intel_8080_Emulator.cpp in Sources */ = {isa = PBXBuildFile; fileRef = B7B4764629059C7E00DCE3C7 /* Intel_8080_Emulator.cpp */; };
		B7B4764E29059C7E00DCE3C7 /* ALU.cpp in Sources */ = {isa = PBXBuildFile; fileRef = B7B4764729059C7E00DCE3C7 /* ALU.cpp */; };
		B7B4764F29059C7E00DCE3C7 /* RegisterManager.cpp in Sources */ = {isa = PBXBuildFile; fileRef = B7B4764B29059C7E00DCE3C7 /* RegisterManager.cpp */; };
/* End PBXBuildFile section */

/* Begin PBXFileReference section */
		B7B4762C29059BF900DCE3C7 /* Intel_8080_Emulator.app */ = {isa = PBXFileReference; explicitFileType = wrapper.application; includeInIndex = 0; path = Intel_8080_Emulator.app; sourceTree = BUILT_PRODUCTS_DIR; };
		B7B4763029059BF900DCE3C7 /* Intel_8080_Emulator-Info.plist */ = {isa = PBXFileReference; lastKnownFileType = text.plist.xml; name = "Intel_8080_Emulator-Info.plist"; path = "../Intel_8080_Emulator-Info.plist"; sourceTree = "<group>"; };
		B7B4763129059BF900DCE3C7 /* ResourcePath.mm */ = {isa = PBXFileReference; lastKnownFileType = sourcecode.cpp.objcpp; path = ResourcePath.mm; sourceTree = "<group>"; };
		B7B4763329059BF900DCE3C7 /* ResourcePath.hpp */ = {isa = PBXFileReference; lastKnownFileType = sourcecode.cpp.h; path = ResourcePath.hpp; sourceTree = "<group>"; };
		B7B4763429059BF900DCE3C7 /* main.cpp */ = {isa = PBXFileReference; lastKnownFileType = sourcecode.cpp.cpp; path = main.cpp; sourceTree = "<group>"; };
		B7B4764429059C7E00DCE3C7 /* SpaceInvaders.cpp */ = {isa = PBXFileReference; fileEncoding = 4; lastKnownFileType = sourcecode.cpp.cpp; name = SpaceInvaders.cpp; path = Intel_8080_Emulator/SpaceInvaders.cpp; sourceTree = SOURCE_ROOT; };
		B7B4764529059C7E00DCE3C7 /* SpaceInvaders.hpp */ = {isa = PBXFileReference; fileEncoding = 4; lastKnownFileType = sourcecode.cpp.h; name = SpaceInvaders.hpp; path = Intel_8080_Emulator/SpaceInvaders.hpp; sourceTree = SOURCE_ROOT; };
		B7B4764629059C7E00DCE3C7 /* Intel_8080_Emulator.cpp */ = {isa = PBXFileReference; fileEncoding = 4; lastKnownFileType = sourcecode.cpp.cpp; name = Intel_8080_Emulator.cpp; path = Intel_8080_Emulator/Intel_8080_Emulator.cpp; sourceTree = SOURCE_ROOT; };
		B7B4764729059C7E00DCE3C7 /* ALU.cpp */ = {isa = PBXFileReference; fileEncoding = 4; lastKnownFileType = sourcecode.cpp.cpp; name = ALU.cpp; path = Intel_8080_Emulator/ALU.cpp; sourceTree = SOURCE_ROOT; };
		B7B4764829059C7E00DCE3C7 /* ALU.hpp */ = {isa = PBXFileReference; fileEncoding = 4; lastKnownFileType = sourcecode.cpp.h; name = ALU.hpp; path = Intel_8080_Emulator/ALU.hpp; sourceTree = SOURCE_ROOT; };
		B7B4764929059C7E00DCE3C7 /* Intel_8080_Emulator.hpp */ = {isa = PBXFileReference; fileEncoding = 4; lastKnownFileType = sourcecode.cpp.h; name = Intel_8080_Emulator.hpp; path = Intel_8080_Emulator/Intel_8080_Emulator.hpp; sourceTree = SOURCE_ROOT; };
		B7B4764A29059C7E00DCE3C7 /* RegisterManager.hpp */ = {isa = PBXFileReference; fileEncoding = 4; lastKnownFileType = sourcecode.cpp.h; name = RegisterManager.hpp; path = Intel_8080_Emulator/RegisterManager.hpp; sourceTree = SOURCE_ROOT; };
		B7B4764B29059C7E00DCE3C7 /* RegisterManager.cpp */ = {isa = PBXFileReference; fileEncoding = 4; lastKnownFileType = sourcecode.cpp.cpp; name = RegisterManager.cpp; path = Intel_8080_Emulator/RegisterManager.cpp; sourceTree = SOURCE_ROOT; };
/* End PBXFileReference section */

/* Begin PBXFrameworksBuildPhase section */
		B7B4762829059BF900DCE3C7 /* Frameworks */ = {
			isa = PBXFrameworksBuildPhase;
			buildActionMask = 2147483647;
			files = (
			);
			runOnlyForDeploymentPostprocessing = 0;
		};
/* End PBXFrameworksBuildPhase section */

/* Begin PBXGroup section */
		B7B4762229059BF900DCE3C7 = {
			isa = PBXGroup;
			children = (
				B7B4762E29059BF900DCE3C7 /* Intel_8080_Emulator */,
				B7B4762D29059BF900DCE3C7 /* Products */,
			);
			sourceTree = "<group>";
		};
		B7B4762D29059BF900DCE3C7 /* Products */ = {
			isa = PBXGroup;
			children = (
				B7B4762C29059BF900DCE3C7 /* Intel_8080_Emulator.app */,
			);
			name = Products;
			sourceTree = "<group>";
		};
		B7B4762E29059BF900DCE3C7 /* Intel_8080_Emulator */ = {
			isa = PBXGroup;
			children = (
				B7B4763329059BF900DCE3C7 /* ResourcePath.hpp */,
				B7B4763129059BF900DCE3C7 /* ResourcePath.mm */,
				B7B4763429059BF900DCE3C7 /* main.cpp */,
				B7B4764829059C7E00DCE3C7 /* ALU.hpp */,
				B7B4764729059C7E00DCE3C7 /* ALU.cpp */,
				B7B4764A29059C7E00DCE3C7 /* RegisterManager.hpp */,
				B7B4764B29059C7E00DCE3C7 /* RegisterManager.cpp */,
				B7B4764929059C7E00DCE3C7 /* Intel_8080_Emulator.hpp */,
				B7B4764629059C7E00DCE3C7 /* Intel_8080_Emulator.cpp */,
				B7B4764529059C7E00DCE3C7 /* SpaceInvaders.hpp */,
				B7B4764429059C7E00DCE3C7 /* SpaceInvaders.cpp */,
				B7B4762F29059BF900DCE3C7 /* Supporting Files */,
			);
			path = Intel_8080_Emulator;
			sourceTree = "<group>";
		};
		B7B4762F29059BF900DCE3C7 /* Supporting Files */ = {
			isa = PBXGroup;
			children = (
				B7B4763029059BF900DCE3C7 /* Intel_8080_Emulator-Info.plist */,
			);
			path = "Supporting Files";
			sourceTree = "<group>";
		};
/* End PBXGroup section */

/* Begin PBXNativeTarget section */
		B7B4762B29059BF900DCE3C7 /* Intel_8080_Emulator */ = {
			isa = PBXNativeTarget;
			buildConfigurationList = B7B4764129059BF900DCE3C7 /* Build configuration list for PBXNativeTarget "Intel_8080_Emulator" */;
			buildPhases = (
				B7B4762729059BF900DCE3C7 /* Sources */,
				B7B4762829059BF900DCE3C7 /* Frameworks */,
				B7B4762929059BF900DCE3C7 /* Resources */,
				B7B4762A29059BF900DCE3C7 /* ShellScript */,
			);
			buildRules = (
			);
			dependencies = (
			);
			name = Intel_8080_Emulator;
			productName = Intel_8080_Emulator;
			productReference = B7B4762C29059BF900DCE3C7 /* Intel_8080_Emulator.app */;
			productType = "com.apple.product-type.application";
		};
/* End PBXNativeTarget section */

/* Begin PBXProject section */
		B7B4762329059BF900DCE3C7 /* Project object */ = {
			isa = PBXProject;
			attributes = {
				BuildIndependentTargetsInParallel = 1;
				LastUpgradeCheck = 1320;
				ORGANIZATIONNAME = "Max Walley";
				TargetAttributes = {
					B7B4762B29059BF900DCE3C7 = {
						CreatedOnToolsVersion = 13.2.1;
					};
				};
			};
			buildConfigurationList = B7B4762629059BF900DCE3C7 /* Build configuration list for PBXProject "Intel_8080_Emulator" */;
			compatibilityVersion = "Xcode 13.0";
			developmentRegion = en;
			hasScannedForEncodings = 0;
			knownRegions = (
				en,
				Base,
			);
			mainGroup = B7B4762229059BF900DCE3C7;
			productRefGroup = B7B4762D29059BF900DCE3C7 /* Products */;
			projectDirPath = "";
			projectRoot = "";
			targets = (
				B7B4762B29059BF900DCE3C7 /* Intel_8080_Emulator */,
			);
		};
/* End PBXProject section */

/* Begin PBXResourcesBuildPhase section */
		B7B4762929059BF900DCE3C7 /* Resources */ = {
			isa = PBXResourcesBuildPhase;
			buildActionMask = 2147483647;
			files = (
			);
			runOnlyForDeploymentPostprocessing = 0;
		};
/* End PBXResourcesBuildPhase section */

/* Begin PBXShellScriptBuildPhase section */
		B7B4762A29059BF900DCE3C7 /* ShellScript */ = {
			isa = PBXShellScriptBuildPhase;
			buildActionMask = 2147483647;
			files = (
			);
			inputFileListPaths = (
			);
			inputPaths = (
			);
			outputFileListPaths = (
			);
			outputPaths = (
			);
			runOnlyForDeploymentPostprocessing = 0;
			shellPath = /bin/sh;
			shellScript = "
";
		};
/* End PBXShellScriptBuildPhase section */

/* Begin PBXSourcesBuildPhase section */
		B7B4762729059BF900DCE3C7 /* Sources */ = {
			isa = PBXSourcesBuildPhase;
			buildActionMask = 2147483647;
			files = (
				B7B4764F29059C7E00DCE3C7 /* RegisterManager.cpp in Sources */,
				B7B4763529059BF900DCE3C7 /* main.cpp in Sources */,
				B7B4763229059BF900DCE3C7 /* ResourcePath.mm in Sources */,
				B7B4764C29059C7E00DCE3C7 /* SpaceInvaders.cpp in Sources */,
				B7B4764E29059C7E00DCE3C7 /* ALU.cpp in Sources */,
				B7B4764D29059C7E00DCE3C7 /* Intel_8080_Emulator.cpp in Sources */,
			);
			runOnlyForDeploymentPostprocessing = 0;
		};
/* End PBXSourcesBuildPhase section */

/* Begin XCBuildConfiguration section */
		B7B4763F29059BF900DCE3C7 /* Debug */ = {
			isa = XCBuildConfiguration;
			buildSettings = {
				ARCHS = x86_64;
				CLANG_CXX_LANGUAGE_STANDARD = "c++20";
				CLANG_CXX_LIBRARY = "libc++";
				FRAMEWORK_SEARCH_PATHS = (
					/Library/Frameworks/,
					"$(inherited)",
				);
				GCC_VERSION = com.apple.compilers.llvm.clang.1_0;
				HEADER_SEARCH_PATHS = (
					/usr/local/include/,
					"$(inherited)",
				);
				LIBRARY_SEARCH_PATHS = (
					/usr/local/lib/,
					"$(inherited)",
				);
				MACOSX_DEPLOYMENT_TARGET = 10.15;
				OTHER_LDFLAGS = (
					"$(inherited)",
					"$(SFML_SYSTEM)",
					"$(SFML_WINDOW)",
					"$(SFML_GRAPHICS)",
					"$(SFML_AUDIO)",
					"$(SFML_NETWORK)",
				);
				SFML_AUDIO = "$(SFML_LINK_PREFIX) sfml-audio$(SFML_LINK_SUFFIX)";
				SFML_BINARY_TYPE = DYLIBS;
				SFML_GRAPHICS = "$(SFML_LINK_PREFIX) sfml-graphics$(SFML_LINK_SUFFIX)";
				SFML_LINK_DYLIBS_PREFIX = "-l";
				SFML_LINK_DYLIBS_SUFFIX = "";
				SFML_LINK_FRAMEWORKS_PREFIX = "-framework";
				SFML_LINK_FRAMEWORKS_SUFFIX = "";
				SFML_LINK_PREFIX = "$(SFML_LINK_$(SFML_BINARY_TYPE)_PREFIX)";
				SFML_LINK_SUFFIX = "$(SFML_LINK_$(SFML_BINARY_TYPE)_SUFFIX)";
				SFML_NETWORK = "";
				SFML_SYSTEM = "$(SFML_LINK_PREFIX) sfml-system$(SFML_LINK_SUFFIX)";
				SFML_WINDOW = "$(SFML_LINK_PREFIX) sfml-window$(SFML_LINK_SUFFIX)";
				SUPPORTED_PLATFORMS = macosx;
			};
			name = Debug;
		};
		B7B4764029059BF900DCE3C7 /* Release */ = {
			isa = XCBuildConfiguration;
			buildSettings = {
				ARCHS = x86_64;
				CLANG_CXX_LANGUAGE_STANDARD = "c++20";
				CLANG_CXX_LIBRARY = "libc++";
				FRAMEWORK_SEARCH_PATHS = (
					/Library/Frameworks/,
					"$(inherited)",
				);
				GCC_VERSION = com.apple.compilers.llvm.clang.1_0;
				HEADER_SEARCH_PATHS = (
					/usr/local/include/,
					"$(inherited)",
				);
				LIBRARY_SEARCH_PATHS = (
					/usr/local/lib/,
					"$(inherited)",
				);
				MACOSX_DEPLOYMENT_TARGET = 10.15;
				OTHER_LDFLAGS = (
					"$(inherited)",
					"$(SFML_SYSTEM)",
					"$(SFML_WINDOW)",
					"$(SFML_GRAPHICS)",
					"$(SFML_AUDIO)",
					"$(SFML_NETWORK)",
				);
				SFML_AUDIO = "$(SFML_LINK_PREFIX) sfml-audio$(SFML_LINK_SUFFIX)";
				SFML_BINARY_TYPE = DYLIBS;
				SFML_GRAPHICS = "$(SFML_LINK_PREFIX) sfml-graphics$(SFML_LINK_SUFFIX)";
				SFML_LINK_DYLIBS_PREFIX = "-l";
				SFML_LINK_DYLIBS_SUFFIX = "";
				SFML_LINK_FRAMEWORKS_PREFIX = "-framework";
				SFML_LINK_FRAMEWORKS_SUFFIX = "";
				SFML_LINK_PREFIX = "$(SFML_LINK_$(SFML_BINARY_TYPE)_PREFIX)";
				SFML_LINK_SUFFIX = "$(SFML_LINK_$(SFML_BINARY_TYPE)_SUFFIX)";
				SFML_NETWORK = "";
				SFML_SYSTEM = "$(SFML_LINK_PREFIX) sfml-system$(SFML_LINK_SUFFIX)";
				SFML_WINDOW = "$(SFML_LINK_PREFIX) sfml-window$(SFML_LINK_SUFFIX)";
				SUPPORTED_PLATFORMS = macosx;
			};
			name = Release;
		};
		B7B4764229059BF900DCE3C7 /* Debug */ = {
			isa = XCBuildConfiguration;
			buildSettings = {
				CODE_SIGN_STYLE = Automatic;
				INFOPLIST_FILE = "Intel_8080_Emulator/Intel_8080_Emulator-Info.plist";
				LD_RUNPATH_SEARCH_PATHS = "@loader_path/../Frameworks";
				PRODUCT_NAME = "$(TARGET_NAME)";
			};
			name = Debug;
		};
		B7B4764329059BF900DCE3C7 /* Release */ = {
			isa = XCBuildConfiguration;
			buildSettings = {
				CODE_SIGN_STYLE = Automatic;
				INFOPLIST_FILE = "Intel_8080_Emulator/Intel_8080_Emulator-Info.plist";
				LD_RUNPATH_SEARCH_PATHS = "@loader_path/../Frameworks";
				PRODUCT_NAME = "$(TARGET_NAME)";
			};
			name = Release;
		};
/* End XCBuildConfiguration section */

/* Begin XCConfigurationList section */
		B7B4762629059BF900DCE3C7 /* Build configuration list for PBXProject "Intel_8080_Emulator" */ = {
			isa = XCConfigurationList;
			buildConfigurations = (
				B7B4763F29059BF900DCE3C7 /* Debug */,
				B7B4764029059BF900DCE3C7 /* Release */,
			);
			defaultConfigurationIsVisible = 0;
			defaultConfigurationName = Release;
		};
		B7B4764129059BF900DCE3C7 /* Build configuration list for PBXNativeTarget "Intel_8080_Emulator" */ = {
			isa = XCConfigurationList;
			buildConfigurations = (
				B7B4764229059BF900DCE3C7 /* Debug */,
				B7B4764329059BF900DCE3C7 /* Release */,
			);
			defaultConfigurationIsVisible = 0;
			defaultConfigurationName = Release;
		};
/* End XCConfigurationList section */
	};
	rootObject = B7B4762329059BF900DCE3C7 /* Project object */;
}
